
Microsoft Visual Studio Solution File, Format Version 12.00
# Visual Studio Version 16
VisualStudioVersion = 16.0.32228.343
MinimumVisualStudioVersion = 10.0.40219.1
Project("{FAE04EC0-301F-11D3-BF4B-00C04F79EFBC}") = "Modelo", "Modelo\Modelo.csproj", "{4661BA19-9121-41EE-A58C-0B7FE6C9EC2C}"
EndProject
Global
	GlobalSection(SolutionConfigurationPlatforms) = preSolution
		Debug|Any CPU = Debug|Any CPU
		Release|Any CPU = Release|Any CPU
	EndGlobalSection
	GlobalSection(ProjectConfigurationPlatforms) = postSolution
		{4661BA19-9121-41EE-A58C-0B7FE6C9EC2C}.Debug|Any CPU.ActiveCfg = Debug|Any CPU
		{4661BA19-9121-41EE-A58C-0B7FE6C9EC2C}.Debug|Any CPU.Build.0 = Debug|Any CPU
		{4661BA19-9121-41EE-A58C-0B7FE6C9EC2C}.Release|Any CPU.ActiveCfg = Release|Any CPU
		{4661BA19-9121-41EE-A58C-0B7FE6C9EC2C}.Release|Any CPU.Build.0 = Release|Any CPU
	EndGlobalSection
	GlobalSection(SolutionProperties) = preSolution
		HideSolutionNode = FALSE
	EndGlobalSection
	GlobalSection(ExtensibilityGlobals) = postSolution
		SolutionGuid = {34B4F8F6-6149-4A70-862C-900E738374D0}
	EndGlobalSection
EndGlobal
